{
  "projects": [
    {
      "projectId": "jkU633o1Cz7HrJdwdxhVHk",
      "version": "16.10.0",
      "dependencies": {},
      "lang": "ts",
      "fileLocks": [
        {
          "assetId": "jkU633o1Cz7HrJdwdxhVHk",
          "type": "projectCss",
          "checksum": "0581d4378bb1604bb5fe3f65bb0a37de"
        }
      ],
      "codegenVersion": "0.0.1"
    },
    {
      "projectId": "ohDidvG9XsCeFumugENU3J",
      "version": "6.24.0",
      "dependencies": {},
      "lang": "ts",
      "fileLocks": [
        {
          "assetId": "ohDidvG9XsCeFumugENU3J",
          "type": "projectCss",
          "checksum": "fd83b730367fdbde2c69bc6cf31c2a3c"
        },
        {
          "assetId": "ohDidvG9XsCeFumugENU3J",
          "checksum": "de0a0e65174a6a185a8f822af51c6bdd",
          "type": "globalContexts"
        }
      ],
      "codegenVersion": "0.0.1"
    },
    {
      "projectId": "k6Ff1vjjTACuiW5BomdEV7",
      "version": "latest",
      "dependencies": {
        "ohDidvG9XsCeFumugENU3J": "6.24.0",
        "jkU633o1Cz7HrJdwdxhVHk": "16.10.0",
        "YUiM7yqBWAqsh8KSnrdj7": "0.29.0"
      },
      "lang": "ts",
      "fileLocks": [
        {
          "type": "globalVariant",
          "assetId": "qxmt530d9JWN",
          "checksum": "d52e6f6f349cbbea973e96cbc6c9f033"
        },
        {
          "assetId": "k6Ff1vjjTACuiW5BomdEV7",
          "checksum": "7c721caa02eff3372b738a1e913ace14",
          "type": "globalContexts"
        },
        {
          "type": "renderModule",
          "assetId": "HrciYgUtbHhR",
          "checksum": "5915cca6e671cc6fa698982bc0065599"
        },
        {
          "type": "cssRules",
          "assetId": "HrciYgUtbHhR",
          "checksum": "5915cca6e671cc6fa698982bc0065599"
        },
        {
          "type": "renderModule",
          "assetId": "8bhhag1tqQgp",
          "checksum": "26f173d7e4096968eb76ecbdc93a3117"
        },
        {
          "type": "cssRules",
          "assetId": "8bhhag1tqQgp",
          "checksum": "26f173d7e4096968eb76ecbdc93a3117"
        },
        {
          "type": "renderModule",
          "assetId": "0MzHvy7Vjghf",
          "checksum": "97b60755cb1900475f9a107b512731ce"
        },
        {
          "type": "cssRules",
          "assetId": "0MzHvy7Vjghf",
          "checksum": "97b60755cb1900475f9a107b512731ce"
        },
        {
          "type": "icon",
          "assetId": "BBB3xeWuw_zg",
          "checksum": "3bff8e14292ae478c054386ab059670b"
        },
        {
          "type": "icon",
          "assetId": "0ybFG5eNFuQT",
          "checksum": "25f436cff2ae41054d0ec0ac776acef9"
        },
        {
          "type": "image",
          "assetId": "LGdQujvUjqeu",
          "checksum": "939c65453ec60e2afefc20fa058ea749"
        },
        {
          "type": "renderModule",
          "assetId": "DXA8nOEtSmCz",
          "checksum": "7f11ab3327072698a66ee7940dde3b50"
        },
        {
          "type": "cssRules",
          "assetId": "DXA8nOEtSmCz",
          "checksum": "7f11ab3327072698a66ee7940dde3b50"
        },
        {
          "type": "renderModule",
          "assetId": "bvVRBjdUSn5s",
          "checksum": "8047afc1d57253dd2e0651489dec49db"
        },
        {
          "type": "cssRules",
          "assetId": "bvVRBjdUSn5s",
          "checksum": "8047afc1d57253dd2e0651489dec49db"
        },
        {
          "type": "renderModule",
          "assetId": "VaInq5oLnyNh",
          "checksum": "cd0f921584d8991e3afbd8f6d9beb962"
        },
        {
          "type": "cssRules",
          "assetId": "VaInq5oLnyNh",
          "checksum": "cd0f921584d8991e3afbd8f6d9beb962"
        },
        {
          "type": "renderModule",
          "assetId": "R0ex5hWuJUA7",
          "checksum": "89f63ec5c867edf172baf6571da61200"
        },
        {
          "type": "cssRules",
          "assetId": "R0ex5hWuJUA7",
          "checksum": "89f63ec5c867edf172baf6571da61200"
        },
        {
          "type": "renderModule",
          "assetId": "0Dc0FcEA3quc",
          "checksum": "e9df941512c68b77dac837f850fcd98e"
        },
        {
          "type": "cssRules",
          "assetId": "0Dc0FcEA3quc",
          "checksum": "e9df941512c68b77dac837f850fcd98e"
        },
        {
          "type": "renderModule",
          "assetId": "TO_adoaTCD1F",
          "checksum": "683fc7e6b6f91d046f2a17e02588b6c5"
        },
        {
          "type": "cssRules",
          "assetId": "TO_adoaTCD1F",
          "checksum": "683fc7e6b6f91d046f2a17e02588b6c5"
        },
        {
          "type": "icon",
          "assetId": "M1azuvTgWKQZ",
          "checksum": "a234a0947bd7344cf3e4721944d374bb"
        },
        {
          "type": "renderModule",
          "assetId": "Lpt47mHIbZMR",
          "checksum": "fcdf8d57682744628b1a8be2589b22b6"
        },
        {
          "type": "cssRules",
          "assetId": "Lpt47mHIbZMR",
          "checksum": "fcdf8d57682744628b1a8be2589b22b6"
        },
        {
          "type": "renderModule",
          "assetId": "4mKFCcmGRPek",
          "checksum": "175c1d898b8fff457a8541f968c257f3"
        },
        {
          "type": "cssRules",
          "assetId": "4mKFCcmGRPek",
          "checksum": "175c1d898b8fff457a8541f968c257f3"
        },
        {
          "assetId": "k6Ff1vjjTACuiW5BomdEV7",
          "type": "projectCss",
          "checksum": "78a0cb622e2706bf55c84c1e2acf5298"
        }
      ],
      "codegenVersion": "0.0.1"
    },
    {
      "projectId": "YUiM7yqBWAqsh8KSnrdj7",
      "version": "0.29.0",
      "dependencies": {},
      "lang": "ts",
      "fileLocks": [
        {
          "assetId": "YUiM7yqBWAqsh8KSnrdj7",
          "type": "projectCss",
          "checksum": "dac72600b04b6e6a3014e82512a15fe1"
        }
      ],
      "codegenVersion": "0.0.1"
    }
  ],
  "cliVersion": "0.1.330"
}
